
Microsoft Visual Studio Solution File, Format Version 12.00
# Visual Studio Version 17
VisualStudioVersion = 17.5.33502.453
MinimumVisualStudioVersion = 10.0.40219.1
Project("{FAE04EC0-301F-11D3-BF4B-00C04F79EFBC}") = "CelilCavus.RepositoryDesiginPattern", "CelilCavus.RepositoryDesiginPattern.csproj", "{3B63AB54-7ADC-4DC3-8E6B-C0A888859B7B}"
EndProject
Global
	GlobalSection(SolutionConfigurationPlatforms) = preSolution
		Debug|Any CPU = Debug|Any CPU
		Release|Any CPU = Release|Any CPU
	EndGlobalSection
	GlobalSection(ProjectConfigurationPlatforms) = postSolution
		{3B63AB54-7ADC-4DC3-8E6B-C0A888859B7B}.Debug|Any CPU.ActiveCfg = Debug|Any CPU
		{3B63AB54-7ADC-4DC3-8E6B-C0A888859B7B}.Debug|Any CPU.Build.0 = Debug|Any CPU
		{3B63AB54-7ADC-4DC3-8E6B-C0A888859B7B}.Release|Any CPU.ActiveCfg = Release|Any CPU
		{3B63AB54-7ADC-4DC3-8E6B-C0A888859B7B}.Release|Any CPU.Build.0 = Release|Any CPU
	EndGlobalSection
	GlobalSection(SolutionProperties) = preSolution
		HideSolutionNode = FALSE
	EndGlobalSection
	GlobalSection(ExtensibilityGlobals) = postSolution
		SolutionGuid = {86E70EC2-B2D1-47EB-9B3F-7C06242D3EDC}
	EndGlobalSection
EndGlobal
